
Microsoft Visual Studio Solution File, Format Version 11.00
# Visual Studio 2010
Project("{FAE04EC0-301F-11D3-BF4B-00C04F79EFBC}") = "blastn_similarity", "blastn_similarity\blastn_similarity.csproj", "{EC39C1F0-838F-4308-A47F-0B1B3928085B}"
EndProject
Project("{FAE04EC0-301F-11D3-BF4B-00C04F79EFBC}") = "UnitTests", "UnitTests\UnitTests.csproj", "{D865DFA5-5A71-4563-90B6-76A981353BE6}"
EndProject
Project("{2150E333-8FDC-42A3-9474-1A3956D46DE8}") = "Solution Items", "Solution Items", "{15046D57-DB62-4FB2-99C4-8348FDD577D0}"
	ProjectSection(SolutionItems) = preProject
		blastn_similarity.vsmdi = blastn_similarity.vsmdi
		Local.testsettings = Local.testsettings
		TraceAndTestImpact.testsettings = TraceAndTestImpact.testsettings
	EndProjectSection
EndProject
Global
	GlobalSection(TestCaseManagementSettings) = postSolution
		CategoryFile = blastn_similarity.vsmdi
	EndGlobalSection
	GlobalSection(SolutionConfigurationPlatforms) = preSolution
		Debug|Any CPU = Debug|Any CPU
		Debug|Mixed Platforms = Debug|Mixed Platforms
		Debug|x86 = Debug|x86
		Release|Any CPU = Release|Any CPU
		Release|Mixed Platforms = Release|Mixed Platforms
		Release|x86 = Release|x86
	EndGlobalSection
	GlobalSection(ProjectConfigurationPlatforms) = postSolution
		{EC39C1F0-838F-4308-A47F-0B1B3928085B}.Debug|Any CPU.ActiveCfg = Debug|x86
		{EC39C1F0-838F-4308-A47F-0B1B3928085B}.Debug|Mixed Platforms.ActiveCfg = Debug|x86
		{EC39C1F0-838F-4308-A47F-0B1B3928085B}.Debug|Mixed Platforms.Build.0 = Debug|x86
		{EC39C1F0-838F-4308-A47F-0B1B3928085B}.Debug|x86.ActiveCfg = Debug|x86
		{EC39C1F0-838F-4308-A47F-0B1B3928085B}.Debug|x86.Build.0 = Debug|x86
		{EC39C1F0-838F-4308-A47F-0B1B3928085B}.Release|Any CPU.ActiveCfg = Release|x86
		{EC39C1F0-838F-4308-A47F-0B1B3928085B}.Release|Mixed Platforms.ActiveCfg = Release|x86
		{EC39C1F0-838F-4308-A47F-0B1B3928085B}.Release|Mixed Platforms.Build.0 = Release|x86
		{EC39C1F0-838F-4308-A47F-0B1B3928085B}.Release|x86.ActiveCfg = Release|x86
		{EC39C1F0-838F-4308-A47F-0B1B3928085B}.Release|x86.Build.0 = Release|x86
		{D865DFA5-5A71-4563-90B6-76A981353BE6}.Debug|Any CPU.ActiveCfg = Debug|Any CPU
		{D865DFA5-5A71-4563-90B6-76A981353BE6}.Debug|Any CPU.Build.0 = Debug|Any CPU
		{D865DFA5-5A71-4563-90B6-76A981353BE6}.Debug|Mixed Platforms.ActiveCfg = Debug|Any CPU
		{D865DFA5-5A71-4563-90B6-76A981353BE6}.Debug|Mixed Platforms.Build.0 = Debug|Any CPU
		{D865DFA5-5A71-4563-90B6-76A981353BE6}.Debug|x86.ActiveCfg = Debug|Any CPU
		{D865DFA5-5A71-4563-90B6-76A981353BE6}.Release|Any CPU.ActiveCfg = Release|Any CPU
		{D865DFA5-5A71-4563-90B6-76A981353BE6}.Release|Any CPU.Build.0 = Release|Any CPU
		{D865DFA5-5A71-4563-90B6-76A981353BE6}.Release|Mixed Platforms.ActiveCfg = Release|Any CPU
		{D865DFA5-5A71-4563-90B6-76A981353BE6}.Release|Mixed Platforms.Build.0 = Release|Any CPU
		{D865DFA5-5A71-4563-90B6-76A981353BE6}.Release|x86.ActiveCfg = Release|Any CPU
	EndGlobalSection
	GlobalSection(SolutionProperties) = preSolution
		HideSolutionNode = FALSE
	EndGlobalSection
EndGlobal
