
Microsoft Visual Studio Solution File, Format Version 11.00
# Visual Studio 2010
Project("{FAE04EC0-301F-11D3-BF4B-00C04F79EFBC}") = "ChangLab", "ChangLab\ChangLab.csproj", "{5E700266-664C-4AE4-B1CE-F263619E5A0C}"
EndProject
Project("{FAE04EC0-301F-11D3-BF4B-00C04F79EFBC}") = "PilgrimageTests", "PilgrimageTests\PilgrimageTests.csproj", "{2E86C728-856C-441B-8F75-8059F186AE5B}"
EndProject
Project("{2150E333-8FDC-42A3-9474-1A3956D46DE8}") = "Solution Items", "Solution Items", "{AC31F838-44D1-4A20-9876-10AA50A06702}"
	ProjectSection(SolutionItems) = preProject
		ChangLab.vsmdi = ChangLab.vsmdi
		Local.testsettings = Local.testsettings
		TraceAndTestImpact.testsettings = TraceAndTestImpact.testsettings
	EndProjectSection
EndProject
Project("{FAE04EC0-301F-11D3-BF4B-00C04F79EFBC}") = "Pilgrimage", "Pilgrimage\Pilgrimage.csproj", "{C95BD692-F1BD-48EF-A4CD-F6DD9A831500}"
EndProject
Project("{54435603-DBB4-11D2-8724-00A0C9A8B90C}") = "PilgrimageSetupx86", "ChangLabSetup\ChangLabSetup.vdproj", "{36857FA2-668D-490A-B91E-E3DA9397AC91}"
EndProject
Project("{54435603-DBB4-11D2-8724-00A0C9A8B90C}") = "PilgrimageSetupx64", "PilgrimageSetupx64\PilgrimageSetupx64.vdproj", "{E90FEE64-199F-4307-BA6E-8CA7F3471C00}"
EndProject
Project("{54435603-DBB4-11D2-8724-00A0C9A8B90C}") = "PilgrimageSetupEEB460x64", "PilgrimageSetupEEB460x64\PilgrimageSetupEEB460x64.vdproj", "{CC591890-214B-44C8-8A3C-075082576817}"
EndProject
Global
	GlobalSection(TestCaseManagementSettings) = postSolution
		CategoryFile = ChangLab.vsmdi
	EndGlobalSection
	GlobalSection(SolutionConfigurationPlatforms) = preSolution
		Beta - EEB460|Any CPU = Beta - EEB460|Any CPU
		Beta - EEB460|Mixed Platforms = Beta - EEB460|Mixed Platforms
		Beta - EEB460|x64 = Beta - EEB460|x64
		Beta - EEB460|x86 = Beta - EEB460|x86
		Beta|Any CPU = Beta|Any CPU
		Beta|Mixed Platforms = Beta|Mixed Platforms
		Beta|x64 = Beta|x64
		Beta|x86 = Beta|x86
		Debug - EEB460|Any CPU = Debug - EEB460|Any CPU
		Debug - EEB460|Mixed Platforms = Debug - EEB460|Mixed Platforms
		Debug - EEB460|x64 = Debug - EEB460|x64
		Debug - EEB460|x86 = Debug - EEB460|x86
		Debug|Any CPU = Debug|Any CPU
		Debug|Mixed Platforms = Debug|Mixed Platforms
		Debug|x64 = Debug|x64
		Debug|x86 = Debug|x86
		Documentation|Any CPU = Documentation|Any CPU
		Documentation|Mixed Platforms = Documentation|Mixed Platforms
		Documentation|x64 = Documentation|x64
		Documentation|x86 = Documentation|x86
		Release|Any CPU = Release|Any CPU
		Release|Mixed Platforms = Release|Mixed Platforms
		Release|x64 = Release|x64
		Release|x86 = Release|x86
	EndGlobalSection
	GlobalSection(ProjectConfigurationPlatforms) = postSolution
		{5E700266-664C-4AE4-B1CE-F263619E5A0C}.Beta - EEB460|Any CPU.ActiveCfg = Beta - EEB460|Any CPU
		{5E700266-664C-4AE4-B1CE-F263619E5A0C}.Beta - EEB460|Any CPU.Build.0 = Beta - EEB460|Any CPU
		{5E700266-664C-4AE4-B1CE-F263619E5A0C}.Beta - EEB460|Mixed Platforms.ActiveCfg = Beta - EEB460|x64
		{5E700266-664C-4AE4-B1CE-F263619E5A0C}.Beta - EEB460|Mixed Platforms.Build.0 = Beta - EEB460|x64
		{5E700266-664C-4AE4-B1CE-F263619E5A0C}.Beta - EEB460|x64.ActiveCfg = Beta - EEB460|Any CPU
		{5E700266-664C-4AE4-B1CE-F263619E5A0C}.Beta - EEB460|x64.Build.0 = Beta - EEB460|Any CPU
		{5E700266-664C-4AE4-B1CE-F263619E5A0C}.Beta - EEB460|x86.ActiveCfg = Beta - EEB460|x64
		{5E700266-664C-4AE4-B1CE-F263619E5A0C}.Beta|Any CPU.ActiveCfg = Beta|Any CPU
		{5E700266-664C-4AE4-B1CE-F263619E5A0C}.Beta|Any CPU.Build.0 = Beta|Any CPU
		{5E700266-664C-4AE4-B1CE-F263619E5A0C}.Beta|Mixed Platforms.ActiveCfg = Beta|Any CPU
		{5E700266-664C-4AE4-B1CE-F263619E5A0C}.Beta|Mixed Platforms.Build.0 = Beta|Any CPU
		{5E700266-664C-4AE4-B1CE-F263619E5A0C}.Beta|x64.ActiveCfg = Beta|Any CPU
		{5E700266-664C-4AE4-B1CE-F263619E5A0C}.Beta|x64.Build.0 = Beta|Any CPU
		{5E700266-664C-4AE4-B1CE-F263619E5A0C}.Beta|x86.ActiveCfg = Beta|Any CPU
		{5E700266-664C-4AE4-B1CE-F263619E5A0C}.Beta|x86.Build.0 = Beta|Any CPU
		{5E700266-664C-4AE4-B1CE-F263619E5A0C}.Debug - EEB460|Any CPU.ActiveCfg = EEB460|Any CPU
		{5E700266-664C-4AE4-B1CE-F263619E5A0C}.Debug - EEB460|Any CPU.Build.0 = EEB460|Any CPU
		{5E700266-664C-4AE4-B1CE-F263619E5A0C}.Debug - EEB460|Mixed Platforms.ActiveCfg = EEB460|x64
		{5E700266-664C-4AE4-B1CE-F263619E5A0C}.Debug - EEB460|Mixed Platforms.Build.0 = EEB460|x64
		{5E700266-664C-4AE4-B1CE-F263619E5A0C}.Debug - EEB460|x64.ActiveCfg = EEB460|x64
		{5E700266-664C-4AE4-B1CE-F263619E5A0C}.Debug - EEB460|x64.Build.0 = EEB460|x64
		{5E700266-664C-4AE4-B1CE-F263619E5A0C}.Debug - EEB460|x86.ActiveCfg = EEB460|x64
		{5E700266-664C-4AE4-B1CE-F263619E5A0C}.Debug|Any CPU.ActiveCfg = Debug|Any CPU
		{5E700266-664C-4AE4-B1CE-F263619E5A0C}.Debug|Any CPU.Build.0 = Debug|Any CPU
		{5E700266-664C-4AE4-B1CE-F263619E5A0C}.Debug|Mixed Platforms.ActiveCfg = Debug|Any CPU
		{5E700266-664C-4AE4-B1CE-F263619E5A0C}.Debug|Mixed Platforms.Build.0 = Debug|Any CPU
		{5E700266-664C-4AE4-B1CE-F263619E5A0C}.Debug|x64.ActiveCfg = Debug|Any CPU
		{5E700266-664C-4AE4-B1CE-F263619E5A0C}.Debug|x64.Build.0 = Debug|Any CPU
		{5E700266-664C-4AE4-B1CE-F263619E5A0C}.Debug|x86.ActiveCfg = Debug|Any CPU
		{5E700266-664C-4AE4-B1CE-F263619E5A0C}.Debug|x86.Build.0 = Debug|Any CPU
		{5E700266-664C-4AE4-B1CE-F263619E5A0C}.Documentation|Any CPU.ActiveCfg = Documentation|Any CPU
		{5E700266-664C-4AE4-B1CE-F263619E5A0C}.Documentation|Any CPU.Build.0 = Documentation|Any CPU
		{5E700266-664C-4AE4-B1CE-F263619E5A0C}.Documentation|Mixed Platforms.ActiveCfg = Documentation|Any CPU
		{5E700266-664C-4AE4-B1CE-F263619E5A0C}.Documentation|Mixed Platforms.Build.0 = Documentation|Any CPU
		{5E700266-664C-4AE4-B1CE-F263619E5A0C}.Documentation|x64.ActiveCfg = Documentation|x64
		{5E700266-664C-4AE4-B1CE-F263619E5A0C}.Documentation|x64.Build.0 = Documentation|x64
		{5E700266-664C-4AE4-B1CE-F263619E5A0C}.Documentation|x86.ActiveCfg = Documentation|Any CPU
		{5E700266-664C-4AE4-B1CE-F263619E5A0C}.Release|Any CPU.ActiveCfg = Release|Any CPU
		{5E700266-664C-4AE4-B1CE-F263619E5A0C}.Release|Any CPU.Build.0 = Release|Any CPU
		{5E700266-664C-4AE4-B1CE-F263619E5A0C}.Release|Mixed Platforms.ActiveCfg = Release|Any CPU
		{5E700266-664C-4AE4-B1CE-F263619E5A0C}.Release|Mixed Platforms.Build.0 = Release|Any CPU
		{5E700266-664C-4AE4-B1CE-F263619E5A0C}.Release|x64.ActiveCfg = Release|x64
		{5E700266-664C-4AE4-B1CE-F263619E5A0C}.Release|x64.Build.0 = Release|x64
		{5E700266-664C-4AE4-B1CE-F263619E5A0C}.Release|x86.ActiveCfg = Release|Any CPU
		{5E700266-664C-4AE4-B1CE-F263619E5A0C}.Release|x86.Build.0 = Release|Any CPU
		{2E86C728-856C-441B-8F75-8059F186AE5B}.Beta - EEB460|Any CPU.ActiveCfg = Beta - EEB460|Any CPU
		{2E86C728-856C-441B-8F75-8059F186AE5B}.Beta - EEB460|Mixed Platforms.ActiveCfg = Beta - EEB460|x64
		{2E86C728-856C-441B-8F75-8059F186AE5B}.Beta - EEB460|Mixed Platforms.Build.0 = Beta - EEB460|x64
		{2E86C728-856C-441B-8F75-8059F186AE5B}.Beta - EEB460|x64.ActiveCfg = Beta - EEB460|x64
		{2E86C728-856C-441B-8F75-8059F186AE5B}.Beta - EEB460|x86.ActiveCfg = Beta - EEB460|x64
		{2E86C728-856C-441B-8F75-8059F186AE5B}.Beta|Any CPU.ActiveCfg = Beta|Any CPU
		{2E86C728-856C-441B-8F75-8059F186AE5B}.Beta|Mixed Platforms.ActiveCfg = Beta|Any CPU
		{2E86C728-856C-441B-8F75-8059F186AE5B}.Beta|Mixed Platforms.Build.0 = Beta|Any CPU
		{2E86C728-856C-441B-8F75-8059F186AE5B}.Beta|x64.ActiveCfg = Beta|x64
		{2E86C728-856C-441B-8F75-8059F186AE5B}.Beta|x86.ActiveCfg = Beta|Any CPU
		{2E86C728-856C-441B-8F75-8059F186AE5B}.Debug - EEB460|Any CPU.ActiveCfg = EEB460|Any CPU
		{2E86C728-856C-441B-8F75-8059F186AE5B}.Debug - EEB460|Mixed Platforms.ActiveCfg = EEB460|x64
		{2E86C728-856C-441B-8F75-8059F186AE5B}.Debug - EEB460|Mixed Platforms.Build.0 = EEB460|x64
		{2E86C728-856C-441B-8F75-8059F186AE5B}.Debug - EEB460|x64.ActiveCfg = EEB460|x64
		{2E86C728-856C-441B-8F75-8059F186AE5B}.Debug - EEB460|x86.ActiveCfg = EEB460|x64
		{2E86C728-856C-441B-8F75-8059F186AE5B}.Debug|Any CPU.ActiveCfg = Debug|Any CPU
		{2E86C728-856C-441B-8F75-8059F186AE5B}.Debug|Mixed Platforms.ActiveCfg = Debug|Any CPU
		{2E86C728-856C-441B-8F75-8059F186AE5B}.Debug|Mixed Platforms.Build.0 = Debug|Any CPU
		{2E86C728-856C-441B-8F75-8059F186AE5B}.Debug|x64.ActiveCfg = Debug|x64
		{2E86C728-856C-441B-8F75-8059F186AE5B}.Debug|x86.ActiveCfg = Debug|Any CPU
		{2E86C728-856C-441B-8F75-8059F186AE5B}.Documentation|Any CPU.ActiveCfg = Documentation|Any CPU
		{2E86C728-856C-441B-8F75-8059F186AE5B}.Documentation|Mixed Platforms.ActiveCfg = Documentation|Any CPU
		{2E86C728-856C-441B-8F75-8059F186AE5B}.Documentation|Mixed Platforms.Build.0 = Documentation|Any CPU
		{2E86C728-856C-441B-8F75-8059F186AE5B}.Documentation|x64.ActiveCfg = Documentation|x64
		{2E86C728-856C-441B-8F75-8059F186AE5B}.Documentation|x64.Build.0 = Documentation|x64
		{2E86C728-856C-441B-8F75-8059F186AE5B}.Documentation|x86.ActiveCfg = Documentation|Any CPU
		{2E86C728-856C-441B-8F75-8059F186AE5B}.Release|Any CPU.ActiveCfg = Release|Any CPU
		{2E86C728-856C-441B-8F75-8059F186AE5B}.Release|Any CPU.Build.0 = Release|Any CPU
		{2E86C728-856C-441B-8F75-8059F186AE5B}.Release|Mixed Platforms.ActiveCfg = Release|Any CPU
		{2E86C728-856C-441B-8F75-8059F186AE5B}.Release|Mixed Platforms.Build.0 = Release|Any CPU
		{2E86C728-856C-441B-8F75-8059F186AE5B}.Release|x64.ActiveCfg = Release|x64
		{2E86C728-856C-441B-8F75-8059F186AE5B}.Release|x86.ActiveCfg = Release|Any CPU
		{C95BD692-F1BD-48EF-A4CD-F6DD9A831500}.Beta - EEB460|Any CPU.ActiveCfg = Beta - EEB460|x64
		{C95BD692-F1BD-48EF-A4CD-F6DD9A831500}.Beta - EEB460|Mixed Platforms.ActiveCfg = Beta - EEB460|x64
		{C95BD692-F1BD-48EF-A4CD-F6DD9A831500}.Beta - EEB460|Mixed Platforms.Build.0 = Beta - EEB460|x64
		{C95BD692-F1BD-48EF-A4CD-F6DD9A831500}.Beta - EEB460|x64.ActiveCfg = Beta - EEB460|x64
		{C95BD692-F1BD-48EF-A4CD-F6DD9A831500}.Beta - EEB460|x64.Build.0 = Beta - EEB460|x64
		{C95BD692-F1BD-48EF-A4CD-F6DD9A831500}.Beta - EEB460|x86.ActiveCfg = Beta - EEB460|x86
		{C95BD692-F1BD-48EF-A4CD-F6DD9A831500}.Beta|Any CPU.ActiveCfg = Beta|x86
		{C95BD692-F1BD-48EF-A4CD-F6DD9A831500}.Beta|Mixed Platforms.ActiveCfg = Beta|x86
		{C95BD692-F1BD-48EF-A4CD-F6DD9A831500}.Beta|Mixed Platforms.Build.0 = Beta|x86
		{C95BD692-F1BD-48EF-A4CD-F6DD9A831500}.Beta|x64.ActiveCfg = Beta|x64
		{C95BD692-F1BD-48EF-A4CD-F6DD9A831500}.Beta|x64.Build.0 = Beta|x64
		{C95BD692-F1BD-48EF-A4CD-F6DD9A831500}.Beta|x86.ActiveCfg = Beta|x86
		{C95BD692-F1BD-48EF-A4CD-F6DD9A831500}.Beta|x86.Build.0 = Beta|x86
		{C95BD692-F1BD-48EF-A4CD-F6DD9A831500}.Debug - EEB460|Any CPU.ActiveCfg = EEB460|x86
		{C95BD692-F1BD-48EF-A4CD-F6DD9A831500}.Debug - EEB460|Any CPU.Build.0 = EEB460|x86
		{C95BD692-F1BD-48EF-A4CD-F6DD9A831500}.Debug - EEB460|Mixed Platforms.ActiveCfg = EEB460|x64
		{C95BD692-F1BD-48EF-A4CD-F6DD9A831500}.Debug - EEB460|Mixed Platforms.Build.0 = EEB460|x64
		{C95BD692-F1BD-48EF-A4CD-F6DD9A831500}.Debug - EEB460|x64.ActiveCfg = EEB460|x64
		{C95BD692-F1BD-48EF-A4CD-F6DD9A831500}.Debug - EEB460|x64.Build.0 = EEB460|x64
		{C95BD692-F1BD-48EF-A4CD-F6DD9A831500}.Debug - EEB460|x86.ActiveCfg = EEB460|x86
		{C95BD692-F1BD-48EF-A4CD-F6DD9A831500}.Debug - EEB460|x86.Build.0 = EEB460|x86
		{C95BD692-F1BD-48EF-A4CD-F6DD9A831500}.Debug|Any CPU.ActiveCfg = Debug|x86
		{C95BD692-F1BD-48EF-A4CD-F6DD9A831500}.Debug|Any CPU.Build.0 = Debug|x86
		{C95BD692-F1BD-48EF-A4CD-F6DD9A831500}.Debug|Mixed Platforms.ActiveCfg = Debug|x86
		{C95BD692-F1BD-48EF-A4CD-F6DD9A831500}.Debug|Mixed Platforms.Build.0 = Debug|x86
		{C95BD692-F1BD-48EF-A4CD-F6DD9A831500}.Debug|x64.ActiveCfg = Debug|x64
		{C95BD692-F1BD-48EF-A4CD-F6DD9A831500}.Debug|x64.Build.0 = Debug|x64
		{C95BD692-F1BD-48EF-A4CD-F6DD9A831500}.Debug|x86.ActiveCfg = Debug|x86
		{C95BD692-F1BD-48EF-A4CD-F6DD9A831500}.Debug|x86.Build.0 = Debug|x86
		{C95BD692-F1BD-48EF-A4CD-F6DD9A831500}.Documentation|Any CPU.ActiveCfg = Documentation|x86
		{C95BD692-F1BD-48EF-A4CD-F6DD9A831500}.Documentation|Any CPU.Build.0 = Documentation|x86
		{C95BD692-F1BD-48EF-A4CD-F6DD9A831500}.Documentation|Mixed Platforms.ActiveCfg = Documentation|x86
		{C95BD692-F1BD-48EF-A4CD-F6DD9A831500}.Documentation|Mixed Platforms.Build.0 = Documentation|x86
		{C95BD692-F1BD-48EF-A4CD-F6DD9A831500}.Documentation|x64.ActiveCfg = Documentation|x64
		{C95BD692-F1BD-48EF-A4CD-F6DD9A831500}.Documentation|x86.ActiveCfg = Documentation|x86
		{C95BD692-F1BD-48EF-A4CD-F6DD9A831500}.Documentation|x86.Build.0 = Documentation|x86
		{C95BD692-F1BD-48EF-A4CD-F6DD9A831500}.Release|Any CPU.ActiveCfg = Release|x86
		{C95BD692-F1BD-48EF-A4CD-F6DD9A831500}.Release|Mixed Platforms.ActiveCfg = Release|x86
		{C95BD692-F1BD-48EF-A4CD-F6DD9A831500}.Release|Mixed Platforms.Build.0 = Release|x86
		{C95BD692-F1BD-48EF-A4CD-F6DD9A831500}.Release|x64.ActiveCfg = Release|x64
		{C95BD692-F1BD-48EF-A4CD-F6DD9A831500}.Release|x64.Build.0 = Release|x64
		{C95BD692-F1BD-48EF-A4CD-F6DD9A831500}.Release|x86.ActiveCfg = Release|x86
		{C95BD692-F1BD-48EF-A4CD-F6DD9A831500}.Release|x86.Build.0 = Release|x86
		{36857FA2-668D-490A-B91E-E3DA9397AC91}.Beta - EEB460|Any CPU.ActiveCfg = Beta - EEB460
		{36857FA2-668D-490A-B91E-E3DA9397AC91}.Beta - EEB460|Mixed Platforms.ActiveCfg = Beta - EEB460
		{36857FA2-668D-490A-B91E-E3DA9397AC91}.Beta - EEB460|Mixed Platforms.Build.0 = Beta - EEB460
		{36857FA2-668D-490A-B91E-E3DA9397AC91}.Beta - EEB460|x64.ActiveCfg = Beta - EEB460
		{36857FA2-668D-490A-B91E-E3DA9397AC91}.Beta - EEB460|x86.ActiveCfg = Beta - EEB460
		{36857FA2-668D-490A-B91E-E3DA9397AC91}.Beta - EEB460|x86.Build.0 = Beta - EEB460
		{36857FA2-668D-490A-B91E-E3DA9397AC91}.Beta|Any CPU.ActiveCfg = Release
		{36857FA2-668D-490A-B91E-E3DA9397AC91}.Beta|Mixed Platforms.ActiveCfg = Release
		{36857FA2-668D-490A-B91E-E3DA9397AC91}.Beta|x64.ActiveCfg = Release
		{36857FA2-668D-490A-B91E-E3DA9397AC91}.Beta|x86.ActiveCfg = Release
		{36857FA2-668D-490A-B91E-E3DA9397AC91}.Debug - EEB460|Any CPU.ActiveCfg = EEB460
		{36857FA2-668D-490A-B91E-E3DA9397AC91}.Debug - EEB460|Mixed Platforms.ActiveCfg = EEB460
		{36857FA2-668D-490A-B91E-E3DA9397AC91}.Debug - EEB460|Mixed Platforms.Build.0 = EEB460
		{36857FA2-668D-490A-B91E-E3DA9397AC91}.Debug - EEB460|x64.ActiveCfg = EEB460
		{36857FA2-668D-490A-B91E-E3DA9397AC91}.Debug - EEB460|x86.ActiveCfg = EEB460
		{36857FA2-668D-490A-B91E-E3DA9397AC91}.Debug - EEB460|x86.Build.0 = EEB460
		{36857FA2-668D-490A-B91E-E3DA9397AC91}.Debug|Any CPU.ActiveCfg = Debug
		{36857FA2-668D-490A-B91E-E3DA9397AC91}.Debug|Mixed Platforms.ActiveCfg = Debug
		{36857FA2-668D-490A-B91E-E3DA9397AC91}.Debug|x64.ActiveCfg = Debug
		{36857FA2-668D-490A-B91E-E3DA9397AC91}.Debug|x86.ActiveCfg = Debug
		{36857FA2-668D-490A-B91E-E3DA9397AC91}.Documentation|Any CPU.ActiveCfg = Debug
		{36857FA2-668D-490A-B91E-E3DA9397AC91}.Documentation|Mixed Platforms.ActiveCfg = Debug
		{36857FA2-668D-490A-B91E-E3DA9397AC91}.Documentation|Mixed Platforms.Build.0 = Debug
		{36857FA2-668D-490A-B91E-E3DA9397AC91}.Documentation|x64.ActiveCfg = Debug
		{36857FA2-668D-490A-B91E-E3DA9397AC91}.Documentation|x64.Build.0 = Debug
		{36857FA2-668D-490A-B91E-E3DA9397AC91}.Documentation|x86.ActiveCfg = Debug
		{36857FA2-668D-490A-B91E-E3DA9397AC91}.Documentation|x86.Build.0 = Debug
		{36857FA2-668D-490A-B91E-E3DA9397AC91}.Release|Any CPU.ActiveCfg = Release
		{36857FA2-668D-490A-B91E-E3DA9397AC91}.Release|Any CPU.Build.0 = Release
		{36857FA2-668D-490A-B91E-E3DA9397AC91}.Release|Mixed Platforms.ActiveCfg = Release
		{36857FA2-668D-490A-B91E-E3DA9397AC91}.Release|Mixed Platforms.Build.0 = Release
		{36857FA2-668D-490A-B91E-E3DA9397AC91}.Release|x64.ActiveCfg = Release
		{36857FA2-668D-490A-B91E-E3DA9397AC91}.Release|x86.ActiveCfg = Release
		{36857FA2-668D-490A-B91E-E3DA9397AC91}.Release|x86.Build.0 = Release
		{E90FEE64-199F-4307-BA6E-8CA7F3471C00}.Beta - EEB460|Any CPU.ActiveCfg = Beta - EEB460
		{E90FEE64-199F-4307-BA6E-8CA7F3471C00}.Beta - EEB460|Mixed Platforms.ActiveCfg = Beta - EEB460
		{E90FEE64-199F-4307-BA6E-8CA7F3471C00}.Beta - EEB460|Mixed Platforms.Build.0 = Beta - EEB460
		{E90FEE64-199F-4307-BA6E-8CA7F3471C00}.Beta - EEB460|x64.ActiveCfg = Beta - EEB460
		{E90FEE64-199F-4307-BA6E-8CA7F3471C00}.Beta - EEB460|x86.ActiveCfg = Beta - EEB460
		{E90FEE64-199F-4307-BA6E-8CA7F3471C00}.Beta - EEB460|x86.Build.0 = Beta - EEB460
		{E90FEE64-199F-4307-BA6E-8CA7F3471C00}.Beta|Any CPU.ActiveCfg = Release
		{E90FEE64-199F-4307-BA6E-8CA7F3471C00}.Beta|Mixed Platforms.ActiveCfg = Release
		{E90FEE64-199F-4307-BA6E-8CA7F3471C00}.Beta|x64.ActiveCfg = Release
		{E90FEE64-199F-4307-BA6E-8CA7F3471C00}.Beta|x64.Build.0 = Release
		{E90FEE64-199F-4307-BA6E-8CA7F3471C00}.Beta|x86.ActiveCfg = Release
		{E90FEE64-199F-4307-BA6E-8CA7F3471C00}.Debug - EEB460|Any CPU.ActiveCfg = EEB460
		{E90FEE64-199F-4307-BA6E-8CA7F3471C00}.Debug - EEB460|Mixed Platforms.ActiveCfg = EEB460
		{E90FEE64-199F-4307-BA6E-8CA7F3471C00}.Debug - EEB460|Mixed Platforms.Build.0 = EEB460
		{E90FEE64-199F-4307-BA6E-8CA7F3471C00}.Debug - EEB460|x64.ActiveCfg = EEB460
		{E90FEE64-199F-4307-BA6E-8CA7F3471C00}.Debug - EEB460|x64.Build.0 = EEB460
		{E90FEE64-199F-4307-BA6E-8CA7F3471C00}.Debug - EEB460|x86.ActiveCfg = EEB460
		{E90FEE64-199F-4307-BA6E-8CA7F3471C00}.Debug - EEB460|x86.Build.0 = EEB460
		{E90FEE64-199F-4307-BA6E-8CA7F3471C00}.Debug|Any CPU.ActiveCfg = Debug
		{E90FEE64-199F-4307-BA6E-8CA7F3471C00}.Debug|Mixed Platforms.ActiveCfg = Debug
		{E90FEE64-199F-4307-BA6E-8CA7F3471C00}.Debug|x64.ActiveCfg = Debug
		{E90FEE64-199F-4307-BA6E-8CA7F3471C00}.Debug|x86.ActiveCfg = Debug
		{E90FEE64-199F-4307-BA6E-8CA7F3471C00}.Documentation|Any CPU.ActiveCfg = Debug
		{E90FEE64-199F-4307-BA6E-8CA7F3471C00}.Documentation|Mixed Platforms.ActiveCfg = Debug
		{E90FEE64-199F-4307-BA6E-8CA7F3471C00}.Documentation|x64.ActiveCfg = Debug
		{E90FEE64-199F-4307-BA6E-8CA7F3471C00}.Documentation|x86.ActiveCfg = Debug
		{E90FEE64-199F-4307-BA6E-8CA7F3471C00}.Release|Any CPU.ActiveCfg = Release
		{E90FEE64-199F-4307-BA6E-8CA7F3471C00}.Release|Mixed Platforms.ActiveCfg = Release
		{E90FEE64-199F-4307-BA6E-8CA7F3471C00}.Release|x64.ActiveCfg = Release
		{E90FEE64-199F-4307-BA6E-8CA7F3471C00}.Release|x64.Build.0 = Release
		{E90FEE64-199F-4307-BA6E-8CA7F3471C00}.Release|x86.ActiveCfg = Release
		{CC591890-214B-44C8-8A3C-075082576817}.Beta - EEB460|Any CPU.ActiveCfg = Release
		{CC591890-214B-44C8-8A3C-075082576817}.Beta - EEB460|Mixed Platforms.ActiveCfg = Release
		{CC591890-214B-44C8-8A3C-075082576817}.Beta - EEB460|x64.ActiveCfg = Beta - EEB460
		{CC591890-214B-44C8-8A3C-075082576817}.Beta - EEB460|x64.Build.0 = Beta - EEB460
		{CC591890-214B-44C8-8A3C-075082576817}.Beta - EEB460|x86.ActiveCfg = Release
		{CC591890-214B-44C8-8A3C-075082576817}.Beta|Any CPU.ActiveCfg = Release
		{CC591890-214B-44C8-8A3C-075082576817}.Beta|Mixed Platforms.ActiveCfg = Release
		{CC591890-214B-44C8-8A3C-075082576817}.Beta|x64.ActiveCfg = Release
		{CC591890-214B-44C8-8A3C-075082576817}.Beta|x86.ActiveCfg = Release
		{CC591890-214B-44C8-8A3C-075082576817}.Debug - EEB460|Any CPU.ActiveCfg = Debug
		{CC591890-214B-44C8-8A3C-075082576817}.Debug - EEB460|Mixed Platforms.ActiveCfg = Debug
		{CC591890-214B-44C8-8A3C-075082576817}.Debug - EEB460|x64.ActiveCfg = Debug
		{CC591890-214B-44C8-8A3C-075082576817}.Debug - EEB460|x86.ActiveCfg = Debug
		{CC591890-214B-44C8-8A3C-075082576817}.Debug|Any CPU.ActiveCfg = Debug
		{CC591890-214B-44C8-8A3C-075082576817}.Debug|Mixed Platforms.ActiveCfg = Debug
		{CC591890-214B-44C8-8A3C-075082576817}.Debug|x64.ActiveCfg = Debug
		{CC591890-214B-44C8-8A3C-075082576817}.Debug|x86.ActiveCfg = Debug
		{CC591890-214B-44C8-8A3C-075082576817}.Documentation|Any CPU.ActiveCfg = Debug
		{CC591890-214B-44C8-8A3C-075082576817}.Documentation|Mixed Platforms.ActiveCfg = Debug
		{CC591890-214B-44C8-8A3C-075082576817}.Documentation|x64.ActiveCfg = Debug
		{CC591890-214B-44C8-8A3C-075082576817}.Documentation|x86.ActiveCfg = Debug
		{CC591890-214B-44C8-8A3C-075082576817}.Release|Any CPU.ActiveCfg = Release
		{CC591890-214B-44C8-8A3C-075082576817}.Release|Mixed Platforms.ActiveCfg = Release
		{CC591890-214B-44C8-8A3C-075082576817}.Release|x64.ActiveCfg = Release
		{CC591890-214B-44C8-8A3C-075082576817}.Release|x86.ActiveCfg = Release
	EndGlobalSection
	GlobalSection(SolutionProperties) = preSolution
		HideSolutionNode = FALSE
	EndGlobalSection
EndGlobal
